
Microsoft Visual Studio Solution File, Format Version 12.00
# Visual Studio Version 17
VisualStudioVersion = 17.0.31903.59
MinimumVisualStudioVersion = 10.0.40219.1
Project("{FAE04EC0-301F-11D3-BF4B-00C04F79EFBC}") = "ExamHall", "ExamHall\ExamHall.csproj", "{E427D218-3082-40D2-89A1-0D29056CF2DD}"
EndProject
Project("{FAE04EC0-301F-11D3-BF4B-00C04F79EFBC}") = "ExamHall.Tests", "ExamHall.Tests\ExamHall.Tests.csproj", "{9A77B70C-3D1E-4535-B6DA-EE8AA06F4C2E}"
EndProject
Global
	GlobalSection(SolutionConfigurationPlatforms) = preSolution
		Debug|Any CPU = Debug|Any CPU
		Release|Any CPU = Release|Any CPU
	EndGlobalSection
	GlobalSection(SolutionProperties) = preSolution
		HideSolutionNode = FALSE
	EndGlobalSection
	GlobalSection(ProjectConfigurationPlatforms) = postSolution
		{E427D218-3082-40D2-89A1-0D29056CF2DD}.Debug|Any CPU.ActiveCfg = Debug|Any CPU
		{E427D218-3082-40D2-89A1-0D29056CF2DD}.Debug|Any CPU.Build.0 = Debug|Any CPU
		{E427D218-3082-40D2-89A1-0D29056CF2DD}.Release|Any CPU.ActiveCfg = Release|Any CPU
		{E427D218-3082-40D2-89A1-0D29056CF2DD}.Release|Any CPU.Build.0 = Release|Any CPU
		{9A77B70C-3D1E-4535-B6DA-EE8AA06F4C2E}.Debug|Any CPU.ActiveCfg = Debug|Any CPU
		{9A77B70C-3D1E-4535-B6DA-EE8AA06F4C2E}.Debug|Any CPU.Build.0 = Debug|Any CPU
		{9A77B70C-3D1E-4535-B6DA-EE8AA06F4C2E}.Release|Any CPU.ActiveCfg = Release|Any CPU
		{9A77B70C-3D1E-4535-B6DA-EE8AA06F4C2E}.Release|Any CPU.Build.0 = Release|Any CPU
	EndGlobalSection
EndGlobal
